{
  "requires": true,
  "lockfileVersion": 1,
  "dependencies": {
    "js-polyfills": {
      "version": "0.1.42",
      "resolved": "https://registry.npmjs.org/js-polyfills/-/js-polyfills-0.1.42.tgz",
      "integrity": "sha1-XUhJArNh489gH9I60PMLr8yT8Ug="
    },
    "porter-stemmer": {
      "version": "0.9.1"
    },
    "sentiment": {
      "version": "5.0.2"
    },
    "stemmer": {
      "version": "1.0.4"
    },
    "uniq": {
      "version": "1.0.1"
    }
  }
}
