# THIS IS AN AUTOGENERATED FILE. DO NOT EDIT THIS FILE DIRECTLY.
# yarn lockfile v1


porter-stemmer@^0.9.1:
  version "0.9.1"
  resolved "https://registry.yarnpkg.com/porter-stemmer/-/porter-stemmer-0.9.1.tgz#a16ecea3abe44724ac88c1480021ea36baa21f9b"
  integrity sha1-oW7Oo6vkRySsiMFIACHqNrqiH5s=

sentiment@^5.0.2:
  version "5.0.2"
  resolved "https://registry.yarnpkg.com/sentiment/-/sentiment-5.0.2.tgz#01e4396d9b5b17b1176f16c9d1a8be87b16cc1d6"
  integrity sha512-ZeC3y0JsOYTdwujt5uOd7ILJNilbgFzUtg/LEG4wUv43LayFNLZ28ec8+Su+h3saHlJmIwYxBzfDHHZuiMA15g==

stemmer@^1.0.4:
  version "1.0.4"
  resolved "https://registry.yarnpkg.com/stemmer/-/stemmer-1.0.4.tgz#b68a4c715ecc5f6fb34f37f0acb64592c12ceeca"
  integrity sha512-3EOHP7r8MAmnAbl7u0VuAe0DFmaJNmbLq1OpxETvN6cmWOO5i++wVH11OkKme8B4XA78j3e/TJC/6/FDp35oLg==

uniq@^1.0.1:
  version "1.0.1"
  resolved "https://registry.yarnpkg.com/uniq/-/uniq-1.0.1.tgz#b31c5ae8254844a3a8281541ce2b04b865a734ff"
  integrity sha1-sxxa6CVIRKOoKBVBzisEuGWnNP8=
